
Microsoft Visual Studio Solution File, Format Version 12.00
# Visual Studio Version 16
VisualStudioVersion = 16.0.31729.503
MinimumVisualStudioVersion = 10.0.40219.1
Project("{FAE04EC0-301F-11D3-BF4B-00C04F79EFBC}") = "ConsoleApp1", "ConsoleApp1\ConsoleApp1.csproj", "{C49DC96A-43F9-468D-9B02-BED596AB66BA}"
EndProject
Global
	GlobalSection(SolutionConfigurationPlatforms) = preSolution
		Debug|Any CPU = Debug|Any CPU
		Release|Any CPU = Release|Any CPU
	EndGlobalSection
	GlobalSection(ProjectConfigurationPlatforms) = postSolution
		{C49DC96A-43F9-468D-9B02-BED596AB66BA}.Debug|Any CPU.ActiveCfg = Debug|Any CPU
		{C49DC96A-43F9-468D-9B02-BED596AB66BA}.Debug|Any CPU.Build.0 = Debug|Any CPU
		{C49DC96A-43F9-468D-9B02-BED596AB66BA}.Release|Any CPU.ActiveCfg = Release|Any CPU
		{C49DC96A-43F9-468D-9B02-BED596AB66BA}.Release|Any CPU.Build.0 = Release|Any CPU
	EndGlobalSection
	GlobalSection(SolutionProperties) = preSolution
		HideSolutionNode = FALSE
	EndGlobalSection
	GlobalSection(ExtensibilityGlobals) = postSolution
		SolutionGuid = {A9C34DD5-19E5-4466-AFB0-4B78CE451F00}
	EndGlobalSection
EndGlobal
